// !$*UTF8*$!
{
	archiveVersion = 1;
	classes = {
	};
	objectVersion = 54;
	objects = {

/* Begin PBXBuildFile section */
		D602C66227F88E70005A1E11 /* FontSizeView.swift in Sources */ = {isa = PBXBuildFile; fileRef = D602C66127F88E70005A1E11 /* FontSizeView.swift */; };
		D602FE0F298FBDD800B34277 /* NotificationSettingsView.swift in Sources */ = {isa = PBXBuildFile; fileRef = D602FE0E298FBDD800B34277 /* NotificationSettingsView.swift */; };
		D602FE11298FC01B00B34277 /* NotificationSettingsViewModel.swift in Sources */ = {isa = PBXBuildFile; fileRef = D602FE10298FC01B00B34277 /* NotificationSettingsViewModel.swift */; };
		D6104845280206840020D7BA /* CanvasView.swift in Sources */ = {isa = PBXBuildFile; fileRef = D6104844280206840020D7BA /* CanvasView.swift */; };
		D61B2D7D29C5A58F009AA4ED /* SnippetsItemView.swift in Sources */ = {isa = PBXBuildFile; fileRef = D61B2D7C29C5A58F009AA4ED /* SnippetsItemView.swift */; };
		D62979522626256800163ACF /* DayListCell.swift in Sources */ = {isa = PBXBuildFile; fileRef = D62979512626256800163ACF /* DayListCell.swift */; };
		D62A813728C139FB00B5B2B9 /* WeekSettingsView.swift in Sources */ = {isa = PBXBuildFile; fileRef = D62A813628C139FB00B5B2B9 /* WeekSettingsView.swift */; };
		D635F5A42A51C4CD00508922 /* AppContainer.swift in Sources */ = {isa = PBXBuildFile; fileRef = D635F5A32A51C4CD00508922 /* AppContainer.swift */; };
		D63EE6FA262B05DB008699DF /* CalendarView.swift in Sources */ = {isa = PBXBuildFile; fileRef = D63EE6F9262B05DB008699DF /* CalendarView.swift */; };
		D6410ED1297411A900862C9A /* VibrantDayWidgetView.swift in Sources */ = {isa = PBXBuildFile; fileRef = D6410ED0297411A900862C9A /* VibrantDayWidgetView.swift */; };
		D6410ED2297411A900862C9A /* VibrantDayWidgetView.swift in Sources */ = {isa = PBXBuildFile; fileRef = D6410ED0297411A900862C9A /* VibrantDayWidgetView.swift */; };
		D643E1CA26B6EE8D0056908E /* DayView.swift in Sources */ = {isa = PBXBuildFile; fileRef = D643E1C926B6EE8D0056908E /* DayView.swift */; };
		D646EFAF29C248260058A103 /* StickerData.json in Resources */ = {isa = PBXBuildFile; fileRef = D646EFAE29C248260058A103 /* StickerData.json */; };
		D65268512A10C7CD002DAD50 /* StickerHeaderView.swift in Sources */ = {isa = PBXBuildFile; fileRef = D65268502A10C7CD002DAD50 /* StickerHeaderView.swift */; };
		D65B03F4298FF831009E6DEB /* AuthorizationManager.swift in Sources */ = {isa = PBXBuildFile; fileRef = D65B03F3298FF831009E6DEB /* AuthorizationManager.swift */; };
		D65B03F6299001A4009E6DEB /* SystemSettingsOpener.swift in Sources */ = {isa = PBXBuildFile; fileRef = D65B03F5299001A4009E6DEB /* SystemSettingsOpener.swift */; };
		D65CFD4C262354A700C75F56 /* DayList.swift in Sources */ = {isa = PBXBuildFile; fileRef = D65CFD4B262354A700C75F56 /* DayList.swift */; };
		D65D7A6128BB4FC600717980 /* DayColorView.swift in Sources */ = {isa = PBXBuildFile; fileRef = D65D7A6028BB4FC600717980 /* DayColorView.swift */; };
		D663B5DE29E5B65F00B6388E /* StickerCategoryView.swift in Sources */ = {isa = PBXBuildFile; fileRef = D663B5DD29E5B65F00B6388E /* StickerCategoryView.swift */; };
		D669016629BE0FB200D8CC1C /* Assets.xcassets in Resources */ = {isa = PBXBuildFile; fileRef = D6DDD278261A19C900FD1AA5 /* Assets.xcassets */; };
		D678ABC728AECBC5003F27B4 /* SettingsView.swift in Sources */ = {isa = PBXBuildFile; fileRef = D678ABC628AECBC5003F27B4 /* SettingsView.swift */; };
		D67F6B4329EBF6DF00F6E24D /* Localizable.strings in Resources */ = {isa = PBXBuildFile; fileRef = D67F6B4529EBF6DF00F6E24D /* Localizable.strings */; };
		D67F6B4929EBF8FA00F6E24D /* LocalizedStrings.swift in Sources */ = {isa = PBXBuildFile; fileRef = D67F6B4829EBF8FA00F6E24D /* LocalizedStrings.swift */; };
		D6811DA229BBC5D8009A90D4 /* StickerView.swift in Sources */ = {isa = PBXBuildFile; fileRef = D6811DA129BBC5D8009A90D4 /* StickerView.swift */; };
		D6858E5527B29DBB008372AC /* SearchBar.swift in Sources */ = {isa = PBXBuildFile; fileRef = D6858E5427B29DBB008372AC /* SearchBar.swift */; };
		D686FE5726C5904A0070D238 /* CarouselView.swift in Sources */ = {isa = PBXBuildFile; fileRef = D686FE5626C5904A0070D238 /* CarouselView.swift */; };
		D691CF30261B3728005FAAC5 /* Day.swift in Sources */ = {isa = PBXBuildFile; fileRef = D691CF2F261B3728005FAAC5 /* Day.swift */; };
		D691CF35261B37D8005FAAC5 /* DayData.json in Resources */ = {isa = PBXBuildFile; fileRef = D691CF34261B37D8005FAAC5 /* DayData.json */; };
		D691CF3A261B399D005FAAC5 /* ModelData.swift in Sources */ = {isa = PBXBuildFile; fileRef = D691CF39261B399D005FAAC5 /* ModelData.swift */; };
		D695B9662AC87220007252E1 /* BundleExtension.swift in Sources */ = {isa = PBXBuildFile; fileRef = D695B9652AC87220007252E1 /* BundleExtension.swift */; };
		D6A7036127B68450008B0F7B /* DayWidgetView.swift in Sources */ = {isa = PBXBuildFile; fileRef = D6A7036027B68450008B0F7B /* DayWidgetView.swift */; };
		D6A7036227B68450008B0F7B /* DayWidgetView.swift in Sources */ = {isa = PBXBuildFile; fileRef = D6A7036027B68450008B0F7B /* DayWidgetView.swift */; };
		D6A7036327B687A0008B0F7B /* Day.swift in Sources */ = {isa = PBXBuildFile; fileRef = D691CF2F261B3728005FAAC5 /* Day.swift */; };
		D6A7470F29C61DC2008DFD7A /* SnippetsOverview.swift in Sources */ = {isa = PBXBuildFile; fileRef = D6A7470E29C61DC2008DFD7A /* SnippetsOverview.swift */; };
		D6B3792326761B4C009D0790 /* ColorStripModelView.swift in Sources */ = {isa = PBXBuildFile; fileRef = D6B3792226761B4C009D0790 /* ColorStripModelView.swift */; };
		D6B55A232635A49300BC5556 /* FontPickerView.swift in Sources */ = {isa = PBXBuildFile; fileRef = D6B55A222635A49300BC5556 /* FontPickerView.swift */; };
		D6BE420629C3A80C00B32C80 /* SnippetsView.swift in Sources */ = {isa = PBXBuildFile; fileRef = D6BE420529C3A80C00B32C80 /* SnippetsView.swift */; };
		D6BE7CBB29C365B000FB113E /* SnippetData.json in Resources */ = {isa = PBXBuildFile; fileRef = D6BE7CBA29C365B000FB113E /* SnippetData.json */; };
		D6BF90C928561A5D00B9300E /* TextAlignmentView.swift in Sources */ = {isa = PBXBuildFile; fileRef = D6BF90C828561A5D00B9300E /* TextAlignmentView.swift */; };
		D6D2CD4B2ACC7FA0008ACB14 /* ThemeTodayIntent.swift in Sources */ = {isa = PBXBuildFile; fileRef = D6D2CD4A2ACC7FA0008ACB14 /* ThemeTodayIntent.swift */; };
		D6D2CD4D2ACC82F7008ACB14 /* ThemeYourDayShortcuts.swift in Sources */ = {isa = PBXBuildFile; fileRef = D6D2CD4C2ACC82F7008ACB14 /* ThemeYourDayShortcuts.swift */; };
		D6D3146428C5178700F765A5 /* DayTextView.swift in Sources */ = {isa = PBXBuildFile; fileRef = D6D3146328C5178700F765A5 /* DayTextView.swift */; };
		D6D48FF02676424800101EC3 /* Settings.swift in Sources */ = {isa = PBXBuildFile; fileRef = D6D48FEF2676424800101EC3 /* Settings.swift */; };
		D6D48FF22676434800101EC3 /* SettingsData.json in Resources */ = {isa = PBXBuildFile; fileRef = D6D48FF12676434800101EC3 /* SettingsData.json */; };
		D6D58B4327B671A700473B81 /* WidgetKit.framework in Frameworks */ = {isa = PBXBuildFile; fileRef = D6D58B4227B671A700473B81 /* WidgetKit.framework */; };
		D6D58B4527B671A700473B81 /* SwiftUI.framework in Frameworks */ = {isa = PBXBuildFile; fileRef = D6D58B4427B671A700473B81 /* SwiftUI.framework */; };
		D6D58B4827B671A700473B81 /* DayWidget.swift in Sources */ = {isa = PBXBuildFile; fileRef = D6D58B4727B671A700473B81 /* DayWidget.swift */; };
		D6D58B4A27B671A800473B81 /* Assets.xcassets in Resources */ = {isa = PBXBuildFile; fileRef = D6D58B4927B671A800473B81 /* Assets.xcassets */; };
		D6D58B4E27B671A800473B81 /* DayWidgetExtension.appex in Embed Foundation Extensions */ = {isa = PBXBuildFile; fileRef = D6D58B4027B671A700473B81 /* DayWidgetExtension.appex */; settings = {ATTRIBUTES = (RemoveHeadersOnCopy, ); }; };
		D6DDD275261A19C800FD1AA5 /* ThemeYourDayApp.swift in Sources */ = {isa = PBXBuildFile; fileRef = D6DDD274261A19C800FD1AA5 /* ThemeYourDayApp.swift */; };
		D6DDD277261A19C800FD1AA5 /* ContentView.swift in Sources */ = {isa = PBXBuildFile; fileRef = D6DDD276261A19C800FD1AA5 /* ContentView.swift */; };
		D6DDD279261A19C900FD1AA5 /* Assets.xcassets in Resources */ = {isa = PBXBuildFile; fileRef = D6DDD278261A19C900FD1AA5 /* Assets.xcassets */; };
		D6DDD27C261A19C900FD1AA5 /* Preview Assets.xcassets in Resources */ = {isa = PBXBuildFile; fileRef = D6DDD27B261A19C900FD1AA5 /* Preview Assets.xcassets */; };
		D6DDD287261A19C900FD1AA5 /* ThemeYourDayTests.swift in Sources */ = {isa = PBXBuildFile; fileRef = D6DDD286261A19C900FD1AA5 /* ThemeYourDayTests.swift */; };
		D6DDD292261A19C900FD1AA5 /* ThemeYourDayUITests.swift in Sources */ = {isa = PBXBuildFile; fileRef = D6DDD291261A19C900FD1AA5 /* ThemeYourDayUITests.swift */; };
		D6DF86442674FAB600FA8D31 /* ColorStripView.swift in Sources */ = {isa = PBXBuildFile; fileRef = D6DF86432674FAB600FA8D31 /* ColorStripView.swift */; };
		D6E0BC812624AE170063E86A /* ToolBarView.swift in Sources */ = {isa = PBXBuildFile; fileRef = D6E0BC802624AE170063E86A /* ToolBarView.swift */; };
		D6F6EA6427B6D447009D89E9 /* ModelData.swift in Sources */ = {isa = PBXBuildFile; fileRef = D691CF39261B399D005FAAC5 /* ModelData.swift */; };
		D6F6EA6527B6D484009D89E9 /* Settings.swift in Sources */ = {isa = PBXBuildFile; fileRef = D6D48FEF2676424800101EC3 /* Settings.swift */; };
/* End PBXBuildFile section */

/* Begin PBXContainerItemProxy section */
		D6D58B4C27B671A800473B81 /* PBXContainerItemProxy */ = {
			isa = PBXContainerItemProxy;
			containerPortal = D6DDD269261A19C800FD1AA5 /* Project object */;
			proxyType = 1;
			remoteGlobalIDString = D6D58B3F27B671A700473B81;
			remoteInfo = DayWidgetExtension;
		};
		D6DDD283261A19C900FD1AA5 /* PBXContainerItemProxy */ = {
			isa = PBXContainerItemProxy;
			containerPortal = D6DDD269261A19C800FD1AA5 /* Project object */;
			proxyType = 1;
			remoteGlobalIDString = D6DDD270261A19C800FD1AA5;
			remoteInfo = ThemeYourDay;
		};
		D6DDD28E261A19C900FD1AA5 /* PBXContainerItemProxy */ = {
			isa = PBXContainerItemProxy;
			containerPortal = D6DDD269261A19C800FD1AA5 /* Project object */;
			proxyType = 1;
			remoteGlobalIDString = D6DDD270261A19C800FD1AA5;
			remoteInfo = ThemeYourDay;
		};
/* End PBXContainerItemProxy section */

/* Begin PBXCopyFilesBuildPhase section */
		D6D58B4F27B671A800473B81 /* Embed Foundation Extensions */ = {
			isa = PBXCopyFilesBuildPhase;
			buildActionMask = 2147483647;
			dstPath = "";
			dstSubfolderSpec = 13;
			files = (
				D6D58B4E27B671A800473B81 /* DayWidgetExtension.appex in Embed Foundation Extensions */,
			);
			name = "Embed Foundation Extensions";
			runOnlyForDeploymentPostprocessing = 0;
		};
/* End PBXCopyFilesBuildPhase section */

/* Begin PBXFileReference section */
		D602C66127F88E70005A1E11 /* FontSizeView.swift */ = {isa = PBXFileReference; lastKnownFileType = sourcecode.swift; path = FontSizeView.swift; sourceTree = "<group>"; };
		D602FE0E298FBDD800B34277 /* NotificationSettingsView.swift */ = {isa = PBXFileReference; lastKnownFileType = sourcecode.swift; path = NotificationSettingsView.swift; sourceTree = "<group>"; };
		D602FE10298FC01B00B34277 /* NotificationSettingsViewModel.swift */ = {isa = PBXFileReference; lastKnownFileType = sourcecode.swift; path = NotificationSettingsViewModel.swift; sourceTree = "<group>"; };
		D6104844280206840020D7BA /* CanvasView.swift */ = {isa = PBXFileReference; lastKnownFileType = sourcecode.swift; path = CanvasView.swift; sourceTree = "<group>"; };
		D61B2D7C29C5A58F009AA4ED /* SnippetsItemView.swift */ = {isa = PBXFileReference; lastKnownFileType = sourcecode.swift; path = SnippetsItemView.swift; sourceTree = "<group>"; };
		D62979512626256800163ACF /* DayListCell.swift */ = {isa = PBXFileReference; lastKnownFileType = sourcecode.swift; path = DayListCell.swift; sourceTree = "<group>"; };
		D62A813628C139FB00B5B2B9 /* WeekSettingsView.swift */ = {isa = PBXFileReference; lastKnownFileType = sourcecode.swift; path = WeekSettingsView.swift; sourceTree = "<group>"; };
		D635F5A32A51C4CD00508922 /* AppContainer.swift */ = {isa = PBXFileReference; lastKnownFileType = sourcecode.swift; path = AppContainer.swift; sourceTree = "<group>"; };
		D63EE6F9262B05DB008699DF /* CalendarView.swift */ = {isa = PBXFileReference; lastKnownFileType = sourcecode.swift; path = CalendarView.swift; sourceTree = "<group>"; };
		D6410ED0297411A900862C9A /* VibrantDayWidgetView.swift */ = {isa = PBXFileReference; lastKnownFileType = sourcecode.swift; path = VibrantDayWidgetView.swift; sourceTree = "<group>"; };
		D643E1C926B6EE8D0056908E /* DayView.swift */ = {isa = PBXFileReference; lastKnownFileType = sourcecode.swift; path = DayView.swift; sourceTree = "<group>"; };
		D646EFAE29C248260058A103 /* StickerData.json */ = {isa = PBXFileReference; lastKnownFileType = text.json; path = StickerData.json; sourceTree = "<group>"; };
		D65268502A10C7CD002DAD50 /* StickerHeaderView.swift */ = {isa = PBXFileReference; lastKnownFileType = sourcecode.swift; path = StickerHeaderView.swift; sourceTree = "<group>"; };
		D65B03F3298FF831009E6DEB /* AuthorizationManager.swift */ = {isa = PBXFileReference; lastKnownFileType = sourcecode.swift; path = AuthorizationManager.swift; sourceTree = "<group>"; };
		D65B03F5299001A4009E6DEB /* SystemSettingsOpener.swift */ = {isa = PBXFileReference; lastKnownFileType = sourcecode.swift; path = SystemSettingsOpener.swift; sourceTree = "<group>"; };
		D65CFD4B262354A700C75F56 /* DayList.swift */ = {isa = PBXFileReference; lastKnownFileType = sourcecode.swift; path = DayList.swift; sourceTree = "<group>"; };
		D65D7A6028BB4FC600717980 /* DayColorView.swift */ = {isa = PBXFileReference; lastKnownFileType = sourcecode.swift; path = DayColorView.swift; sourceTree = "<group>"; };
		D663B5DD29E5B65F00B6388E /* StickerCategoryView.swift */ = {isa = PBXFileReference; lastKnownFileType = sourcecode.swift; path = StickerCategoryView.swift; sourceTree = "<group>"; };
		D678ABC628AECBC5003F27B4 /* SettingsView.swift */ = {isa = PBXFileReference; lastKnownFileType = sourcecode.swift; path = SettingsView.swift; sourceTree = "<group>"; };
		D67F6B4429EBF6DF00F6E24D /* de */ = {isa = PBXFileReference; lastKnownFileType = text.plist.strings; name = de; path = de.lproj/Localizable.strings; sourceTree = "<group>"; };
		D67F6B4629EBF6EF00F6E24D /* en */ = {isa = PBXFileReference; lastKnownFileType = text.plist.strings; name = en; path = en.lproj/Localizable.strings; sourceTree = "<group>"; };
		D67F6B4829EBF8FA00F6E24D /* LocalizedStrings.swift */ = {isa = PBXFileReference; lastKnownFileType = sourcecode.swift; path = LocalizedStrings.swift; sourceTree = "<group>"; };
		D6811DA129BBC5D8009A90D4 /* StickerView.swift */ = {isa = PBXFileReference; lastKnownFileType = sourcecode.swift; path = StickerView.swift; sourceTree = "<group>"; };
		D6858E5427B29DBB008372AC /* SearchBar.swift */ = {isa = PBXFileReference; lastKnownFileType = sourcecode.swift; path = SearchBar.swift; sourceTree = "<group>"; };
		D686FE5626C5904A0070D238 /* CarouselView.swift */ = {isa = PBXFileReference; lastKnownFileType = sourcecode.swift; path = CarouselView.swift; sourceTree = "<group>"; };
		D691CF2F261B3728005FAAC5 /* Day.swift */ = {isa = PBXFileReference; lastKnownFileType = sourcecode.swift; path = Day.swift; sourceTree = "<group>"; };
		D691CF34261B37D8005FAAC5 /* DayData.json */ = {isa = PBXFileReference; lastKnownFileType = text.json; path = DayData.json; sourceTree = "<group>"; };
		D691CF39261B399D005FAAC5 /* ModelData.swift */ = {isa = PBXFileReference; lastKnownFileType = sourcecode.swift; path = ModelData.swift; sourceTree = "<group>"; };
		D695B9652AC87220007252E1 /* BundleExtension.swift */ = {isa = PBXFileReference; lastKnownFileType = sourcecode.swift; path = BundleExtension.swift; sourceTree = "<group>"; };
		D6A7036027B68450008B0F7B /* DayWidgetView.swift */ = {isa = PBXFileReference; lastKnownFileType = sourcecode.swift; path = DayWidgetView.swift; sourceTree = "<group>"; };
		D6A7470E29C61DC2008DFD7A /* SnippetsOverview.swift */ = {isa = PBXFileReference; lastKnownFileType = sourcecode.swift; path = SnippetsOverview.swift; sourceTree = "<group>"; };
		D6B3792226761B4C009D0790 /* ColorStripModelView.swift */ = {isa = PBXFileReference; lastKnownFileType = sourcecode.swift; path = ColorStripModelView.swift; sourceTree = "<group>"; };
		D6B55A222635A49300BC5556 /* FontPickerView.swift */ = {isa = PBXFileReference; lastKnownFileType = sourcecode.swift; path = FontPickerView.swift; sourceTree = "<group>"; };
		D6BE420529C3A80C00B32C80 /* SnippetsView.swift */ = {isa = PBXFileReference; lastKnownFileType = sourcecode.swift; path = SnippetsView.swift; sourceTree = "<group>"; };
		D6BE7CBA29C365B000FB113E /* SnippetData.json */ = {isa = PBXFileReference; lastKnownFileType = text.json; path = SnippetData.json; sourceTree = "<group>"; };
		D6BF90C828561A5D00B9300E /* TextAlignmentView.swift */ = {isa = PBXFileReference; lastKnownFileType = sourcecode.swift; path = TextAlignmentView.swift; sourceTree = "<group>"; };
		D6D2CD4A2ACC7FA0008ACB14 /* ThemeTodayIntent.swift */ = {isa = PBXFileReference; lastKnownFileType = sourcecode.swift; path = ThemeTodayIntent.swift; sourceTree = "<group>"; };
		D6D2CD4C2ACC82F7008ACB14 /* ThemeYourDayShortcuts.swift */ = {isa = PBXFileReference; lastKnownFileType = sourcecode.swift; path = ThemeYourDayShortcuts.swift; sourceTree = "<group>"; };
		D6D3146328C5178700F765A5 /* DayTextView.swift */ = {isa = PBXFileReference; lastKnownFileType = sourcecode.swift; path = DayTextView.swift; sourceTree = "<group>"; };
		D6D48FEF2676424800101EC3 /* Settings.swift */ = {isa = PBXFileReference; lastKnownFileType = sourcecode.swift; path = Settings.swift; sourceTree = "<group>"; };
		D6D48FF12676434800101EC3 /* SettingsData.json */ = {isa = PBXFileReference; lastKnownFileType = text.json; path = SettingsData.json; sourceTree = "<group>"; };
		D6D58B4027B671A700473B81 /* DayWidgetExtension.appex */ = {isa = PBXFileReference; explicitFileType = "wrapper.app-extension"; includeInIndex = 0; path = DayWidgetExtension.appex; sourceTree = BUILT_PRODUCTS_DIR; };
		D6D58B4227B671A700473B81 /* WidgetKit.framework */ = {isa = PBXFileReference; lastKnownFileType = wrapper.framework; name = WidgetKit.framework; path = System/Library/Frameworks/WidgetKit.framework; sourceTree = SDKROOT; };
		D6D58B4427B671A700473B81 /* SwiftUI.framework */ = {isa = PBXFileReference; lastKnownFileType = wrapper.framework; name = SwiftUI.framework; path = System/Library/Frameworks/SwiftUI.framework; sourceTree = SDKROOT; };
		D6D58B4727B671A700473B81 /* DayWidget.swift */ = {isa = PBXFileReference; lastKnownFileType = sourcecode.swift; path = DayWidget.swift; sourceTree = "<group>"; };
		D6D58B4927B671A800473B81 /* Assets.xcassets */ = {isa = PBXFileReference; lastKnownFileType = folder.assetcatalog; path = Assets.xcassets; sourceTree = "<group>"; };
		D6D58B4B27B671A800473B81 /* Info.plist */ = {isa = PBXFileReference; lastKnownFileType = text.plist.xml; path = Info.plist; sourceTree = "<group>"; };
		D6DDD271261A19C800FD1AA5 /* ThemeYourDay.app */ = {isa = PBXFileReference; explicitFileType = wrapper.application; includeInIndex = 0; path = ThemeYourDay.app; sourceTree = BUILT_PRODUCTS_DIR; };
		D6DDD274261A19C800FD1AA5 /* ThemeYourDayApp.swift */ = {isa = PBXFileReference; lastKnownFileType = sourcecode.swift; path = ThemeYourDayApp.swift; sourceTree = "<group>"; };
		D6DDD276261A19C800FD1AA5 /* ContentView.swift */ = {isa = PBXFileReference; lastKnownFileType = sourcecode.swift; path = ContentView.swift; sourceTree = "<group>"; };
		D6DDD278261A19C900FD1AA5 /* Assets.xcassets */ = {isa = PBXFileReference; lastKnownFileType = folder.assetcatalog; path = Assets.xcassets; sourceTree = "<group>"; };
		D6DDD27B261A19C900FD1AA5 /* Preview Assets.xcassets */ = {isa = PBXFileReference; lastKnownFileType = folder.assetcatalog; path = "Preview Assets.xcassets"; sourceTree = "<group>"; };
		D6DDD27D261A19C900FD1AA5 /* Info.plist */ = {isa = PBXFileReference; lastKnownFileType = text.plist.xml; path = Info.plist; sourceTree = "<group>"; };
		D6DDD282261A19C900FD1AA5 /* ThemeYourDayTests.xctest */ = {isa = PBXFileReference; explicitFileType = wrapper.cfbundle; includeInIndex = 0; path = ThemeYourDayTests.xctest; sourceTree = BUILT_PRODUCTS_DIR; };
		D6DDD286261A19C900FD1AA5 /* ThemeYourDayTests.swift */ = {isa = PBXFileReference; lastKnownFileType = sourcecode.swift; path = ThemeYourDayTests.swift; sourceTree = "<group>"; };
		D6DDD288261A19C900FD1AA5 /* Info.plist */ = {isa = PBXFileReference; lastKnownFileType = text.plist.xml; path = Info.plist; sourceTree = "<group>"; };
		D6DDD28D261A19C900FD1AA5 /* ThemeYourDayUITests.xctest */ = {isa = PBXFileReference; explicitFileType = wrapper.cfbundle; includeInIndex = 0; path = ThemeYourDayUITests.xctest; sourceTree = BUILT_PRODUCTS_DIR; };
		D6DDD291261A19C900FD1AA5 /* ThemeYourDayUITests.swift */ = {isa = PBXFileReference; lastKnownFileType = sourcecode.swift; path = ThemeYourDayUITests.swift; sourceTree = "<group>"; };
		D6DDD293261A19C900FD1AA5 /* Info.plist */ = {isa = PBXFileReference; lastKnownFileType = text.plist.xml; path = Info.plist; sourceTree = "<group>"; };
		D6DF86432674FAB600FA8D31 /* ColorStripView.swift */ = {isa = PBXFileReference; lastKnownFileType = sourcecode.swift; path = ColorStripView.swift; sourceTree = "<group>"; };
		D6E0BC802624AE170063E86A /* ToolBarView.swift */ = {isa = PBXFileReference; lastKnownFileType = sourcecode.swift; path = ToolBarView.swift; sourceTree = "<group>"; };
		D6F6EA6227B6CF44009D89E9 /* ThemeYourDay.entitlements */ = {isa = PBXFileReference; lastKnownFileType = text.plist.entitlements; path = ThemeYourDay.entitlements; sourceTree = "<group>"; };
		D6F6EA6327B6D0E9009D89E9 /* DayWidgetExtension.entitlements */ = {isa = PBXFileReference; lastKnownFileType = text.plist.entitlements; path = DayWidgetExtension.entitlements; sourceTree = "<group>"; };
/* End PBXFileReference section */

/* Begin PBXFrameworksBuildPhase section */
		D6D58B3D27B671A700473B81 /* Frameworks */ = {
			isa = PBXFrameworksBuildPhase;
			buildActionMask = 2147483647;
			files = (
				D6D58B4527B671A700473B81 /* SwiftUI.framework in Frameworks */,
				D6D58B4327B671A700473B81 /* WidgetKit.framework in Frameworks */,
			);
			runOnlyForDeploymentPostprocessing = 0;
		};
		D6DDD26E261A19C800FD1AA5 /* Frameworks */ = {
			isa = PBXFrameworksBuildPhase;
			buildActionMask = 2147483647;
			files = (
			);
			runOnlyForDeploymentPostprocessing = 0;
		};
		D6DDD27F261A19C900FD1AA5 /* Frameworks */ = {
			isa = PBXFrameworksBuildPhase;
			buildActionMask = 2147483647;
			files = (
			);
			runOnlyForDeploymentPostprocessing = 0;
		};
		D6DDD28A261A19C900FD1AA5 /* Frameworks */ = {
			isa = PBXFrameworksBuildPhase;
			buildActionMask = 2147483647;
			files = (
			);
			runOnlyForDeploymentPostprocessing = 0;
		};
/* End PBXFrameworksBuildPhase section */

/* Begin PBXGroup section */
		D602FE0D298FBD4100B34277 /* Settings */ = {
			isa = PBXGroup;
			children = (
				D678ABC628AECBC5003F27B4 /* SettingsView.swift */,
				D602FE0E298FBDD800B34277 /* NotificationSettingsView.swift */,
				D602FE10298FC01B00B34277 /* NotificationSettingsViewModel.swift */,
				D65B03F5299001A4009E6DEB /* SystemSettingsOpener.swift */,
			);
			path = Settings;
			sourceTree = "<group>";
		};
		D61B2D7B29C5A44A009AA4ED /* Snippets */ = {
			isa = PBXGroup;
			children = (
				D6BE420529C3A80C00B32C80 /* SnippetsView.swift */,
				D61B2D7C29C5A58F009AA4ED /* SnippetsItemView.swift */,
				D6A7470E29C61DC2008DFD7A /* SnippetsOverview.swift */,
			);
			path = Snippets;
			sourceTree = "<group>";
		};
		D663B5DC29E5B57600B6388E /* Sticker */ = {
			isa = PBXGroup;
			children = (
				D6811DA129BBC5D8009A90D4 /* StickerView.swift */,
				D663B5DD29E5B65F00B6388E /* StickerCategoryView.swift */,
				D65268502A10C7CD002DAD50 /* StickerHeaderView.swift */,
			);
			path = Sticker;
			sourceTree = "<group>";
		};
		D67F6B4729EBF88700F6E24D /* Language */ = {
			isa = PBXGroup;
			children = (
				D67F6B4829EBF8FA00F6E24D /* LocalizedStrings.swift */,
			);
			path = Language;
			sourceTree = "<group>";
		};
		D691CF26261B34B0005FAAC5 /* Model */ = {
			isa = PBXGroup;
			children = (
				D691CF2F261B3728005FAAC5 /* Day.swift */,
				D691CF39261B399D005FAAC5 /* ModelData.swift */,
				D6D48FEF2676424800101EC3 /* Settings.swift */,
				D65B03F3298FF831009E6DEB /* AuthorizationManager.swift */,
				D635F5A32A51C4CD00508922 /* AppContainer.swift */,
			);
			path = Model;
			sourceTree = "<group>";
		};
		D691CF27261B34C2005FAAC5 /* Resources */ = {
			isa = PBXGroup;
			children = (
				D691CF34261B37D8005FAAC5 /* DayData.json */,
				D67F6B4529EBF6DF00F6E24D /* Localizable.strings */,
				D6D48FF12676434800101EC3 /* SettingsData.json */,
				D6BE7CBA29C365B000FB113E /* SnippetData.json */,
				D646EFAE29C248260058A103 /* StickerData.json */,
			);
			path = Resources;
			sourceTree = "<group>";
		};
		D691CF2B261B3521005FAAC5 /* Views */ = {
			isa = PBXGroup;
			children = (
				D63EE6F9262B05DB008699DF /* CalendarView.swift */,
				D6104844280206840020D7BA /* CanvasView.swift */,
				D686FE5626C5904A0070D238 /* CarouselView.swift */,
				D6B3792226761B4C009D0790 /* ColorStripModelView.swift */,
				D6DF86432674FAB600FA8D31 /* ColorStripView.swift */,
				D6DDD276261A19C800FD1AA5 /* ContentView.swift */,
				D65D7A6028BB4FC600717980 /* DayColorView.swift */,
				D65CFD4B262354A700C75F56 /* DayList.swift */,
				D62979512626256800163ACF /* DayListCell.swift */,
				D6D3146328C5178700F765A5 /* DayTextView.swift */,
				D643E1C926B6EE8D0056908E /* DayView.swift */,
				D6B55A222635A49300BC5556 /* FontPickerView.swift */,
				D602C66127F88E70005A1E11 /* FontSizeView.swift */,
				D6858E5427B29DBB008372AC /* SearchBar.swift */,
				D602FE0D298FBD4100B34277 /* Settings */,
				D61B2D7B29C5A44A009AA4ED /* Snippets */,
				D663B5DC29E5B57600B6388E /* Sticker */,
				D6BF90C828561A5D00B9300E /* TextAlignmentView.swift */,
				D6E0BC802624AE170063E86A /* ToolBarView.swift */,
				D62A813628C139FB00B5B2B9 /* WeekSettingsView.swift */,
			);
			path = Views;
			sourceTree = "<group>";
		};
		D695B9642AC871F7007252E1 /* Common */ = {
			isa = PBXGroup;
			children = (
				D695B9652AC87220007252E1 /* BundleExtension.swift */,
			);
			path = Common;
			sourceTree = "<group>";
		};
		D6D2CD492ACC7F2D008ACB14 /* Intents */ = {
			isa = PBXGroup;
			children = (
				D6D2CD4A2ACC7FA0008ACB14 /* ThemeTodayIntent.swift */,
				D6D2CD4C2ACC82F7008ACB14 /* ThemeYourDayShortcuts.swift */,
			);
			path = Intents;
			sourceTree = "<group>";
		};
		D6D58B4127B671A700473B81 /* Frameworks */ = {
			isa = PBXGroup;
			children = (
				D6D58B4227B671A700473B81 /* WidgetKit.framework */,
				D6D58B4427B671A700473B81 /* SwiftUI.framework */,
			);
			name = Frameworks;
			sourceTree = "<group>";
		};
		D6D58B4627B671A700473B81 /* DayWidget */ = {
			isa = PBXGroup;
			children = (
				D6D58B4927B671A800473B81 /* Assets.xcassets */,
				D6D58B4727B671A700473B81 /* DayWidget.swift */,
				D6A7036027B68450008B0F7B /* DayWidgetView.swift */,
				D6D58B4B27B671A800473B81 /* Info.plist */,
				D6410ED0297411A900862C9A /* VibrantDayWidgetView.swift */,
			);
			path = DayWidget;
			sourceTree = "<group>";
		};
		D6DDD268261A19C800FD1AA5 = {
			isa = PBXGroup;
			children = (
				D6F6EA6327B6D0E9009D89E9 /* DayWidgetExtension.entitlements */,
				D6DDD273261A19C800FD1AA5 /* ThemeYourDay */,
				D6DDD285261A19C900FD1AA5 /* ThemeYourDayTests */,
				D6DDD290261A19C900FD1AA5 /* ThemeYourDayUITests */,
				D6D58B4627B671A700473B81 /* DayWidget */,
				D6D58B4127B671A700473B81 /* Frameworks */,
				D6DDD272261A19C800FD1AA5 /* Products */,
			);
			sourceTree = "<group>";
		};
		D6DDD272261A19C800FD1AA5 /* Products */ = {
			isa = PBXGroup;
			children = (
				D6DDD271261A19C800FD1AA5 /* ThemeYourDay.app */,
				D6DDD282261A19C900FD1AA5 /* ThemeYourDayTests.xctest */,
				D6DDD28D261A19C900FD1AA5 /* ThemeYourDayUITests.xctest */,
				D6D58B4027B671A700473B81 /* DayWidgetExtension.appex */,
			);
			name = Products;
			sourceTree = "<group>";
		};
		D6DDD273261A19C800FD1AA5 /* ThemeYourDay */ = {
			isa = PBXGroup;
			children = (
				D6DDD278261A19C900FD1AA5 /* Assets.xcassets */,
				D695B9642AC871F7007252E1 /* Common */,
				D6DDD27D261A19C900FD1AA5 /* Info.plist */,
				D6D2CD492ACC7F2D008ACB14 /* Intents */,
				D67F6B4729EBF88700F6E24D /* Language */,
				D691CF26261B34B0005FAAC5 /* Model */,
				D6DDD27A261A19C900FD1AA5 /* Preview Content */,
				D691CF27261B34C2005FAAC5 /* Resources */,
				D6F6EA6227B6CF44009D89E9 /* ThemeYourDay.entitlements */,
				D6DDD274261A19C800FD1AA5 /* ThemeYourDayApp.swift */,
				D691CF2B261B3521005FAAC5 /* Views */,
			);
			path = ThemeYourDay;
			sourceTree = "<group>";
		};
		D6DDD27A261A19C900FD1AA5 /* Preview Content */ = {
			isa = PBXGroup;
			children = (
				D6DDD27B261A19C900FD1AA5 /* Preview Assets.xcassets */,
			);
			path = "Preview Content";
			sourceTree = "<group>";
		};
		D6DDD285261A19C900FD1AA5 /* ThemeYourDayTests */ = {
			isa = PBXGroup;
			children = (
				D6DDD286261A19C900FD1AA5 /* ThemeYourDayTests.swift */,
				D6DDD288261A19C900FD1AA5 /* Info.plist */,
			);
			path = ThemeYourDayTests;
			sourceTree = "<group>";
		};
		D6DDD290261A19C900FD1AA5 /* ThemeYourDayUITests */ = {
			isa = PBXGroup;
			children = (
				D6DDD291261A19C900FD1AA5 /* ThemeYourDayUITests.swift */,
				D6DDD293261A19C900FD1AA5 /* Info.plist */,
			);
			path = ThemeYourDayUITests;
			sourceTree = "<group>";
		};
/* End PBXGroup section */

/* Begin PBXNativeTarget section */
		D6D58B3F27B671A700473B81 /* DayWidgetExtension */ = {
			isa = PBXNativeTarget;
			buildConfigurationList = D6D58B5227B671A800473B81 /* Build configuration list for PBXNativeTarget "DayWidgetExtension" */;
			buildPhases = (
				D6D58B3C27B671A700473B81 /* Sources */,
				D6D58B3D27B671A700473B81 /* Frameworks */,
				D6D58B3E27B671A700473B81 /* Resources */,
			);
			buildRules = (
			);
			dependencies = (
			);
			name = DayWidgetExtension;
			productName = DayWidgetExtension;
			productReference = D6D58B4027B671A700473B81 /* DayWidgetExtension.appex */;
			productType = "com.apple.product-type.app-extension";
		};
		D6DDD270261A19C800FD1AA5 /* ThemeYourDay */ = {
			isa = PBXNativeTarget;
			buildConfigurationList = D6DDD296261A19C900FD1AA5 /* Build configuration list for PBXNativeTarget "ThemeYourDay" */;
			buildPhases = (
				D6DDD26D261A19C800FD1AA5 /* Sources */,
				D6DDD26E261A19C800FD1AA5 /* Frameworks */,
				D6DDD26F261A19C800FD1AA5 /* Resources */,
				D6D58B4F27B671A800473B81 /* Embed Foundation Extensions */,
			);
			buildRules = (
			);
			dependencies = (
				D6D58B4D27B671A800473B81 /* PBXTargetDependency */,
			);
			name = ThemeYourDay;
			productName = ThemeYourDay;
			productReference = D6DDD271261A19C800FD1AA5 /* ThemeYourDay.app */;
			productType = "com.apple.product-type.application";
		};
		D6DDD281261A19C900FD1AA5 /* ThemeYourDayTests */ = {
			isa = PBXNativeTarget;
			buildConfigurationList = D6DDD299261A19C900FD1AA5 /* Build configuration list for PBXNativeTarget "ThemeYourDayTests" */;
			buildPhases = (
				D6DDD27E261A19C900FD1AA5 /* Sources */,
				D6DDD27F261A19C900FD1AA5 /* Frameworks */,
				D6DDD280261A19C900FD1AA5 /* Resources */,
			);
			buildRules = (
			);
			dependencies = (
				D6DDD284261A19C900FD1AA5 /* PBXTargetDependency */,
			);
			name = ThemeYourDayTests;
			productName = ThemeYourDayTests;
			productReference = D6DDD282261A19C900FD1AA5 /* ThemeYourDayTests.xctest */;
			productType = "com.apple.product-type.bundle.unit-test";
		};
		D6DDD28C261A19C900FD1AA5 /* ThemeYourDayUITests */ = {
			isa = PBXNativeTarget;
			buildConfigurationList = D6DDD29C261A19C900FD1AA5 /* Build configuration list for PBXNativeTarget "ThemeYourDayUITests" */;
			buildPhases = (
				D6DDD289261A19C900FD1AA5 /* Sources */,
				D6DDD28A261A19C900FD1AA5 /* Frameworks */,
				D6DDD28B261A19C900FD1AA5 /* Resources */,
			);
			buildRules = (
			);
			dependencies = (
				D6DDD28F261A19C900FD1AA5 /* PBXTargetDependency */,
			);
			name = ThemeYourDayUITests;
			productName = ThemeYourDayUITests;
			productReference = D6DDD28D261A19C900FD1AA5 /* ThemeYourDayUITests.xctest */;
			productType = "com.apple.product-type.bundle.ui-testing";
		};
/* End PBXNativeTarget section */

/* Begin PBXProject section */
		D6DDD269261A19C800FD1AA5 /* Project object */ = {
			isa = PBXProject;
			attributes = {
				BuildIndependentTargetsInParallel = YES;
				LastSwiftUpdateCheck = 1320;
				LastUpgradeCheck = 1500;
				TargetAttributes = {
					D6D58B3F27B671A700473B81 = {
						CreatedOnToolsVersion = 13.2.1;
					};
					D6DDD270261A19C800FD1AA5 = {
						CreatedOnToolsVersion = 12.4;
					};
					D6DDD281261A19C900FD1AA5 = {
						CreatedOnToolsVersion = 12.4;
						TestTargetID = D6DDD270261A19C800FD1AA5;
					};
					D6DDD28C261A19C900FD1AA5 = {
						CreatedOnToolsVersion = 12.4;
						TestTargetID = D6DDD270261A19C800FD1AA5;
					};
				};
			};
			buildConfigurationList = D6DDD26C261A19C800FD1AA5 /* Build configuration list for PBXProject "ThemeYourDay" */;
			compatibilityVersion = "Xcode 9.3";
			developmentRegion = en;
			hasScannedForEncodings = 0;
			knownRegions = (
				en,
				de,
				Base,
			);
			mainGroup = D6DDD268261A19C800FD1AA5;
			productRefGroup = D6DDD272261A19C800FD1AA5 /* Products */;
			projectDirPath = "";
			projectRoot = "";
			targets = (
				D6DDD270261A19C800FD1AA5 /* ThemeYourDay */,
				D6DDD281261A19C900FD1AA5 /* ThemeYourDayTests */,
				D6DDD28C261A19C900FD1AA5 /* ThemeYourDayUITests */,
				D6D58B3F27B671A700473B81 /* DayWidgetExtension */,
			);
		};
/* End PBXProject section */

/* Begin PBXResourcesBuildPhase section */
		D6D58B3E27B671A700473B81 /* Resources */ = {
			isa = PBXResourcesBuildPhase;
			buildActionMask = 2147483647;
			files = (
				D669016629BE0FB200D8CC1C /* Assets.xcassets in Resources */,
				D6D58B4A27B671A800473B81 /* Assets.xcassets in Resources */,
			);
			runOnlyForDeploymentPostprocessing = 0;
		};
		D6DDD26F261A19C800FD1AA5 /* Resources */ = {
			isa = PBXResourcesBuildPhase;
			buildActionMask = 2147483647;
			files = (
				D6D48FF22676434800101EC3 /* SettingsData.json in Resources */,
				D691CF35261B37D8005FAAC5 /* DayData.json in Resources */,
				D6DDD27C261A19C900FD1AA5 /* Preview Assets.xcassets in Resources */,
				D67F6B4329EBF6DF00F6E24D /* Localizable.strings in Resources */,
				D6BE7CBB29C365B000FB113E /* SnippetData.json in Resources */,
				D646EFAF29C248260058A103 /* StickerData.json in Resources */,
				D6DDD279261A19C900FD1AA5 /* Assets.xcassets in Resources */,
			);
			runOnlyForDeploymentPostprocessing = 0;
		};
		D6DDD280261A19C900FD1AA5 /* Resources */ = {
			isa = PBXResourcesBuildPhase;
			buildActionMask = 2147483647;
			files = (
			);
			runOnlyForDeploymentPostprocessing = 0;
		};
		D6DDD28B261A19C900FD1AA5 /* Resources */ = {
			isa = PBXResourcesBuildPhase;
			buildActionMask = 2147483647;
			files = (
			);
			runOnlyForDeploymentPostprocessing = 0;
		};
/* End PBXResourcesBuildPhase section */

/* Begin PBXSourcesBuildPhase section */
		D6D58B3C27B671A700473B81 /* Sources */ = {
			isa = PBXSourcesBuildPhase;
			buildActionMask = 2147483647;
			files = (
				D6410ED2297411A900862C9A /* VibrantDayWidgetView.swift in Sources */,
				D6D58B4827B671A700473B81 /* DayWidget.swift in Sources */,
				D6F6EA6427B6D447009D89E9 /* ModelData.swift in Sources */,
				D6A7036227B68450008B0F7B /* DayWidgetView.swift in Sources */,
				D6A7036327B687A0008B0F7B /* Day.swift in Sources */,
				D6F6EA6527B6D484009D89E9 /* Settings.swift in Sources */,
			);
			runOnlyForDeploymentPostprocessing = 0;
		};
		D6DDD26D261A19C800FD1AA5 /* Sources */ = {
			isa = PBXSourcesBuildPhase;
			buildActionMask = 2147483647;
			files = (
				D65B03F6299001A4009E6DEB /* SystemSettingsOpener.swift in Sources */,
				D62A813728C139FB00B5B2B9 /* WeekSettingsView.swift in Sources */,
				D6B55A232635A49300BC5556 /* FontPickerView.swift in Sources */,
				D6E0BC812624AE170063E86A /* ToolBarView.swift in Sources */,
				D602C66227F88E70005A1E11 /* FontSizeView.swift in Sources */,
				D61B2D7D29C5A58F009AA4ED /* SnippetsItemView.swift in Sources */,
				D65D7A6128BB4FC600717980 /* DayColorView.swift in Sources */,
				D6858E5527B29DBB008372AC /* SearchBar.swift in Sources */,
				D643E1CA26B6EE8D0056908E /* DayView.swift in Sources */,
				D6D2CD4B2ACC7FA0008ACB14 /* ThemeTodayIntent.swift in Sources */,
				D678ABC728AECBC5003F27B4 /* SettingsView.swift in Sources */,
				D6811DA229BBC5D8009A90D4 /* StickerView.swift in Sources */,
				D6BE420629C3A80C00B32C80 /* SnippetsView.swift in Sources */,
				D6B3792326761B4C009D0790 /* ColorStripModelView.swift in Sources */,
				D686FE5726C5904A0070D238 /* CarouselView.swift in Sources */,
				D65CFD4C262354A700C75F56 /* DayList.swift in Sources */,
				D6104845280206840020D7BA /* CanvasView.swift in Sources */,
				D6BF90C928561A5D00B9300E /* TextAlignmentView.swift in Sources */,
				D6DDD277261A19C800FD1AA5 /* ContentView.swift in Sources */,
				D63EE6FA262B05DB008699DF /* CalendarView.swift in Sources */,
				D6D48FF02676424800101EC3 /* Settings.swift in Sources */,
				D663B5DE29E5B65F00B6388E /* StickerCategoryView.swift in Sources */,
				D691CF3A261B399D005FAAC5 /* ModelData.swift in Sources */,
				D6D2CD4D2ACC82F7008ACB14 /* ThemeYourDayShortcuts.swift in Sources */,
				D6D3146428C5178700F765A5 /* DayTextView.swift in Sources */,
				D6410ED1297411A900862C9A /* VibrantDayWidgetView.swift in Sources */,
				D635F5A42A51C4CD00508922 /* AppContainer.swift in Sources */,
				D602FE0F298FBDD800B34277 /* NotificationSettingsView.swift in Sources */,
				D65B03F4298FF831009E6DEB /* AuthorizationManager.swift in Sources */,
				D6A7036127B68450008B0F7B /* DayWidgetView.swift in Sources */,
				D6DDD275261A19C800FD1AA5 /* ThemeYourDayApp.swift in Sources */,
				D67F6B4929EBF8FA00F6E24D /* LocalizedStrings.swift in Sources */,
				D602FE11298FC01B00B34277 /* NotificationSettingsViewModel.swift in Sources */,
				D62979522626256800163ACF /* DayListCell.swift in Sources */,
				D691CF30261B3728005FAAC5 /* Day.swift in Sources */,
				D6A7470F29C61DC2008DFD7A /* SnippetsOverview.swift in Sources */,
				D6DF86442674FAB600FA8D31 /* ColorStripView.swift in Sources */,
				D65268512A10C7CD002DAD50 /* StickerHeaderView.swift in Sources */,
				D695B9662AC87220007252E1 /* BundleExtension.swift in Sources */,
			);
			runOnlyForDeploymentPostprocessing = 0;
		};
		D6DDD27E261A19C900FD1AA5 /* Sources */ = {
			isa = PBXSourcesBuildPhase;
			buildActionMask = 2147483647;
			files = (
				D6DDD287261A19C900FD1AA5 /* ThemeYourDayTests.swift in Sources */,
			);
			runOnlyForDeploymentPostprocessing = 0;
		};
		D6DDD289261A19C900FD1AA5 /* Sources */ = {
			isa = PBXSourcesBuildPhase;
			buildActionMask = 2147483647;
			files = (
				D6DDD292261A19C900FD1AA5 /* ThemeYourDayUITests.swift in Sources */,
			);
			runOnlyForDeploymentPostprocessing = 0;
		};
/* End PBXSourcesBuildPhase section */

/* Begin PBXTargetDependency section */
		D6D58B4D27B671A800473B81 /* PBXTargetDependency */ = {
			isa = PBXTargetDependency;
			target = D6D58B3F27B671A700473B81 /* DayWidgetExtension */;
			targetProxy = D6D58B4C27B671A800473B81 /* PBXContainerItemProxy */;
		};
		D6DDD284261A19C900FD1AA5 /* PBXTargetDependency */ = {
			isa = PBXTargetDependency;
			target = D6DDD270261A19C800FD1AA5 /* ThemeYourDay */;
			targetProxy = D6DDD283261A19C900FD1AA5 /* PBXContainerItemProxy */;
		};
		D6DDD28F261A19C900FD1AA5 /* PBXTargetDependency */ = {
			isa = PBXTargetDependency;
			target = D6DDD270261A19C800FD1AA5 /* ThemeYourDay */;
			targetProxy = D6DDD28E261A19C900FD1AA5 /* PBXContainerItemProxy */;
		};
/* End PBXTargetDependency section */

/* Begin PBXVariantGroup section */
		D67F6B4529EBF6DF00F6E24D /* Localizable.strings */ = {
			isa = PBXVariantGroup;
			children = (
				D67F6B4429EBF6DF00F6E24D /* de */,
				D67F6B4629EBF6EF00F6E24D /* en */,
			);
			name = Localizable.strings;
			sourceTree = "<group>";
		};
/* End PBXVariantGroup section */

/* Begin XCBuildConfiguration section */
		D6D58B5027B671A800473B81 /* Debug */ = {
			isa = XCBuildConfiguration;
			buildSettings = {
				ASSETCATALOG_COMPILER_GLOBAL_ACCENT_COLOR_NAME = AccentColor;
				ASSETCATALOG_COMPILER_WIDGET_BACKGROUND_COLOR_NAME = WidgetBackground;
				CLANG_CXX_LANGUAGE_STANDARD = "gnu++17";
				CODE_SIGN_ENTITLEMENTS = DayWidgetExtension.entitlements;
				CODE_SIGN_STYLE = Automatic;
				CURRENT_PROJECT_VERSION = 1;
				DEVELOPMENT_TEAM = ELG2TXRCNZ;
				GENERATE_INFOPLIST_FILE = YES;
				INFOPLIST_FILE = DayWidget/Info.plist;
				INFOPLIST_KEY_CFBundleDisplayName = DayWidget;
				INFOPLIST_KEY_NSHumanReadableCopyright = "";
				IPHONEOS_DEPLOYMENT_TARGET = 17.0;
				LD_RUNPATH_SEARCH_PATHS = (
					"$(inherited)",
					"@executable_path/Frameworks",
					"@executable_path/../../Frameworks",
				);
				MARKETING_VERSION = 0.9.0;
				PRODUCT_BUNDLE_IDENTIFIER = de.vnzn.ThemeYourDay.DayWidget;
				PRODUCT_NAME = "$(TARGET_NAME)";
				SKIP_INSTALL = YES;
				SWIFT_EMIT_LOC_STRINGS = YES;
				SWIFT_VERSION = 5.0;
				TARGETED_DEVICE_FAMILY = "1,2";
			};
			name = Debug;
		};
		D6D58B5127B671A800473B81 /* Release */ = {
			isa = XCBuildConfiguration;
			buildSettings = {
				ASSETCATALOG_COMPILER_GLOBAL_ACCENT_COLOR_NAME = AccentColor;
				ASSETCATALOG_COMPILER_WIDGET_BACKGROUND_COLOR_NAME = WidgetBackground;
				CLANG_CXX_LANGUAGE_STANDARD = "gnu++17";
				CODE_SIGN_ENTITLEMENTS = DayWidgetExtension.entitlements;
				CODE_SIGN_STYLE = Automatic;
				CURRENT_PROJECT_VERSION = 1;
				DEVELOPMENT_TEAM = ELG2TXRCNZ;
				GENERATE_INFOPLIST_FILE = YES;
				INFOPLIST_FILE = DayWidget/Info.plist;
				INFOPLIST_KEY_CFBundleDisplayName = DayWidget;
				INFOPLIST_KEY_NSHumanReadableCopyright = "";
				IPHONEOS_DEPLOYMENT_TARGET = 17.0;
				LD_RUNPATH_SEARCH_PATHS = (
					"$(inherited)",
					"@executable_path/Frameworks",
					"@executable_path/../../Frameworks",
				);
				MARKETING_VERSION = 0.9.0;
				PRODUCT_BUNDLE_IDENTIFIER = de.vnzn.ThemeYourDay.DayWidget;
				PRODUCT_NAME = "$(TARGET_NAME)";
				SKIP_INSTALL = YES;
				SWIFT_EMIT_LOC_STRINGS = YES;
				SWIFT_VERSION = 5.0;
				TARGETED_DEVICE_FAMILY = "1,2";
			};
			name = Release;
		};
		D6DDD294261A19C900FD1AA5 /* Debug */ = {
			isa = XCBuildConfiguration;
			buildSettings = {
				ALWAYS_SEARCH_USER_PATHS = NO;
				CLANG_ANALYZER_LOCALIZABILITY_NONLOCALIZED = YES;
				CLANG_ANALYZER_NONNULL = YES;
				CLANG_ANALYZER_NUMBER_OBJECT_CONVERSION = YES_AGGRESSIVE;
				CLANG_CXX_LANGUAGE_STANDARD = "gnu++14";
				CLANG_CXX_LIBRARY = "libc++";
				CLANG_ENABLE_MODULES = YES;
				CLANG_ENABLE_OBJC_ARC = YES;
				CLANG_ENABLE_OBJC_WEAK = YES;
				CLANG_WARN_BLOCK_CAPTURE_AUTORELEASING = YES;
				CLANG_WARN_BOOL_CONVERSION = YES;
				CLANG_WARN_COMMA = YES;
				CLANG_WARN_CONSTANT_CONVERSION = YES;
				CLANG_WARN_DEPRECATED_OBJC_IMPLEMENTATIONS = YES;
				CLANG_WARN_DIRECT_OBJC_ISA_USAGE = YES_ERROR;
				CLANG_WARN_DOCUMENTATION_COMMENTS = YES;
				CLANG_WARN_EMPTY_BODY = YES;
				CLANG_WARN_ENUM_CONVERSION = YES;
				CLANG_WARN_INFINITE_RECURSION = YES;
				CLANG_WARN_INT_CONVERSION = YES;
				CLANG_WARN_NON_LITERAL_NULL_CONVERSION = YES;
				CLANG_WARN_OBJC_IMPLICIT_RETAIN_SELF = YES;
				CLANG_WARN_OBJC_LITERAL_CONVERSION = YES;
				CLANG_WARN_OBJC_ROOT_CLASS = YES_ERROR;
				CLANG_WARN_QUOTED_INCLUDE_IN_FRAMEWORK_HEADER = YES;
				CLANG_WARN_RANGE_LOOP_ANALYSIS = YES;
				CLANG_WARN_STRICT_PROTOTYPES = YES;
				CLANG_WARN_SUSPICIOUS_MOVE = YES;
				CLANG_WARN_UNGUARDED_AVAILABILITY = YES_AGGRESSIVE;
				CLANG_WARN_UNREACHABLE_CODE = YES;
				CLANG_WARN__DUPLICATE_METHOD_MATCH = YES;
				COPY_PHASE_STRIP = NO;
				DEBUG_INFORMATION_FORMAT = dwarf;
				ENABLE_STRICT_OBJC_MSGSEND = YES;
				ENABLE_TESTABILITY = YES;
				ENABLE_USER_SCRIPT_SANDBOXING = YES;
				GCC_C_LANGUAGE_STANDARD = gnu11;
				GCC_DYNAMIC_NO_PIC = NO;
				GCC_NO_COMMON_BLOCKS = YES;
				GCC_OPTIMIZATION_LEVEL = 0;
				GCC_PREPROCESSOR_DEFINITIONS = (
					"DEBUG=1",
					"$(inherited)",
				);
				GCC_WARN_64_TO_32_BIT_CONVERSION = YES;
				GCC_WARN_ABOUT_RETURN_TYPE = YES_ERROR;
				GCC_WARN_UNDECLARED_SELECTOR = YES;
				GCC_WARN_UNINITIALIZED_AUTOS = YES_AGGRESSIVE;
				GCC_WARN_UNUSED_FUNCTION = YES;
				GCC_WARN_UNUSED_VARIABLE = YES;
				IPHONEOS_DEPLOYMENT_TARGET = 17.0;
				MTL_ENABLE_DEBUG_INFO = INCLUDE_SOURCE;
				MTL_FAST_MATH = YES;
				ONLY_ACTIVE_ARCH = YES;
				SDKROOT = iphoneos;
				SWIFT_ACTIVE_COMPILATION_CONDITIONS = DEBUG;
				SWIFT_OPTIMIZATION_LEVEL = "-Onone";
			};
			name = Debug;
		};
		D6DDD295261A19C900FD1AA5 /* Release */ = {
			isa = XCBuildConfiguration;
			buildSettings = {
				ALWAYS_SEARCH_USER_PATHS = NO;
				CLANG_ANALYZER_LOCALIZABILITY_NONLOCALIZED = YES;
				CLANG_ANALYZER_NONNULL = YES;
				CLANG_ANALYZER_NUMBER_OBJECT_CONVERSION = YES_AGGRESSIVE;
				CLANG_CXX_LANGUAGE_STANDARD = "gnu++14";
				CLANG_CXX_LIBRARY = "libc++";
				CLANG_ENABLE_MODULES = YES;
				CLANG_ENABLE_OBJC_ARC = YES;
				CLANG_ENABLE_OBJC_WEAK = YES;
				CLANG_WARN_BLOCK_CAPTURE_AUTORELEASING = YES;
				CLANG_WARN_BOOL_CONVERSION = YES;
				CLANG_WARN_COMMA = YES;
				CLANG_WARN_CONSTANT_CONVERSION = YES;
				CLANG_WARN_DEPRECATED_OBJC_IMPLEMENTATIONS = YES;
				CLANG_WARN_DIRECT_OBJC_ISA_USAGE = YES_ERROR;
				CLANG_WARN_DOCUMENTATION_COMMENTS = YES;
				CLANG_WARN_EMPTY_BODY = YES;
				CLANG_WARN_ENUM_CONVERSION = YES;
				CLANG_WARN_INFINITE_RECURSION = YES;
				CLANG_WARN_INT_CONVERSION = YES;
				CLANG_WARN_NON_LITERAL_NULL_CONVERSION = YES;
				CLANG_WARN_OBJC_IMPLICIT_RETAIN_SELF = YES;
				CLANG_WARN_OBJC_LITERAL_CONVERSION = YES;
				CLANG_WARN_OBJC_ROOT_CLASS = YES_ERROR;
				CLANG_WARN_QUOTED_INCLUDE_IN_FRAMEWORK_HEADER = YES;
				CLANG_WARN_RANGE_LOOP_ANALYSIS = YES;
				CLANG_WARN_STRICT_PROTOTYPES = YES;
				CLANG_WARN_SUSPICIOUS_MOVE = YES;
				CLANG_WARN_UNGUARDED_AVAILABILITY = YES_AGGRESSIVE;
				CLANG_WARN_UNREACHABLE_CODE = YES;
				CLANG_WARN__DUPLICATE_METHOD_MATCH = YES;
				COPY_PHASE_STRIP = NO;
				DEBUG_INFORMATION_FORMAT = "dwarf-with-dsym";
				ENABLE_NS_ASSERTIONS = NO;
				ENABLE_STRICT_OBJC_MSGSEND = YES;
				ENABLE_USER_SCRIPT_SANDBOXING = YES;
				GCC_C_LANGUAGE_STANDARD = gnu11;
				GCC_NO_COMMON_BLOCKS = YES;
				GCC_WARN_64_TO_32_BIT_CONVERSION = YES;
				GCC_WARN_ABOUT_RETURN_TYPE = YES_ERROR;
				GCC_WARN_UNDECLARED_SELECTOR = YES;
				GCC_WARN_UNINITIALIZED_AUTOS = YES_AGGRESSIVE;
				GCC_WARN_UNUSED_FUNCTION = YES;
				GCC_WARN_UNUSED_VARIABLE = YES;
				IPHONEOS_DEPLOYMENT_TARGET = 17.0;
				MTL_ENABLE_DEBUG_INFO = NO;
				MTL_FAST_MATH = YES;
				SDKROOT = iphoneos;
				SWIFT_COMPILATION_MODE = wholemodule;
				SWIFT_OPTIMIZATION_LEVEL = "-O";
				VALIDATE_PRODUCT = YES;
			};
			name = Release;
		};
		D6DDD297261A19C900FD1AA5 /* Debug */ = {
			isa = XCBuildConfiguration;
			buildSettings = {
				ALWAYS_EMBED_SWIFT_STANDARD_LIBRARIES = YES;
				ASSETCATALOG_COMPILER_APPICON_NAME = AppIcon;
				ASSETCATALOG_COMPILER_GLOBAL_ACCENT_COLOR_NAME = AccentColor;
				CODE_SIGN_ENTITLEMENTS = ThemeYourDay/ThemeYourDay.entitlements;
				CODE_SIGN_IDENTITY = "Apple Development";
				CODE_SIGN_STYLE = Automatic;
				DEVELOPMENT_ASSET_PATHS = "\"ThemeYourDay/Preview Content\"";
				DEVELOPMENT_TEAM = ELG2TXRCNZ;
				ENABLE_PREVIEWS = YES;
				INFOPLIST_FILE = ThemeYourDay/Info.plist;
				INFOPLIST_KEY_LSApplicationCategoryType = "public.app-category.productivity";
				IPHONEOS_DEPLOYMENT_TARGET = 17.0;
				LD_RUNPATH_SEARCH_PATHS = (
					"$(inherited)",
					"@executable_path/Frameworks",
				);
				PRODUCT_BUNDLE_IDENTIFIER = de.vnzn.ThemeYourDay;
				PRODUCT_NAME = "$(TARGET_NAME)";
				PROVISIONING_PROFILE_SPECIFIER = "";
				SWIFT_VERSION = 5.0;
				TARGETED_DEVICE_FAMILY = "1,2";
			};
			name = Debug;
		};
		D6DDD298261A19C900FD1AA5 /* Release */ = {
			isa = XCBuildConfiguration;
			buildSettings = {
				ALWAYS_EMBED_SWIFT_STANDARD_LIBRARIES = YES;
				ASSETCATALOG_COMPILER_APPICON_NAME = AppIcon;
				ASSETCATALOG_COMPILER_GLOBAL_ACCENT_COLOR_NAME = AccentColor;
				CODE_SIGN_ENTITLEMENTS = ThemeYourDay/ThemeYourDay.entitlements;
				CODE_SIGN_IDENTITY = "Apple Development";
				CODE_SIGN_STYLE = Automatic;
				DEVELOPMENT_ASSET_PATHS = "\"ThemeYourDay/Preview Content\"";
				DEVELOPMENT_TEAM = ELG2TXRCNZ;
				ENABLE_PREVIEWS = YES;
				INFOPLIST_FILE = ThemeYourDay/Info.plist;
				INFOPLIST_KEY_LSApplicationCategoryType = "public.app-category.productivity";
				IPHONEOS_DEPLOYMENT_TARGET = 17.0;
				LD_RUNPATH_SEARCH_PATHS = (
					"$(inherited)",
					"@executable_path/Frameworks",
				);
				PRODUCT_BUNDLE_IDENTIFIER = de.vnzn.ThemeYourDay;
				PRODUCT_NAME = "$(TARGET_NAME)";
				PROVISIONING_PROFILE_SPECIFIER = "";
				SWIFT_VERSION = 5.0;
				TARGETED_DEVICE_FAMILY = "1,2";
			};
			name = Release;
		};
		D6DDD29A261A19C900FD1AA5 /* Debug */ = {
			isa = XCBuildConfiguration;
			buildSettings = {
				ALWAYS_EMBED_SWIFT_STANDARD_LIBRARIES = YES;
				BUNDLE_LOADER = "$(TEST_HOST)";
				CODE_SIGN_STYLE = Automatic;
				DEVELOPMENT_TEAM = ELG2TXRCNZ;
				INFOPLIST_FILE = ThemeYourDayTests/Info.plist;
				IPHONEOS_DEPLOYMENT_TARGET = 16.0;
				LD_RUNPATH_SEARCH_PATHS = (
					"$(inherited)",
					"@executable_path/Frameworks",
					"@loader_path/Frameworks",
				);
				PRODUCT_BUNDLE_IDENTIFIER = de.vnzn.ThemeYourDayTests;
				PRODUCT_NAME = "$(TARGET_NAME)";
				SWIFT_VERSION = 5.0;
				TARGETED_DEVICE_FAMILY = "1,2";
				TEST_HOST = "$(BUILT_PRODUCTS_DIR)/ThemeYourDay.app/ThemeYourDay";
			};
			name = Debug;
		};
		D6DDD29B261A19C900FD1AA5 /* Release */ = {
			isa = XCBuildConfiguration;
			buildSettings = {
				ALWAYS_EMBED_SWIFT_STANDARD_LIBRARIES = YES;
				BUNDLE_LOADER = "$(TEST_HOST)";
				CODE_SIGN_STYLE = Automatic;
				DEVELOPMENT_TEAM = ELG2TXRCNZ;
				INFOPLIST_FILE = ThemeYourDayTests/Info.plist;
				IPHONEOS_DEPLOYMENT_TARGET = 16.0;
				LD_RUNPATH_SEARCH_PATHS = (
					"$(inherited)",
					"@executable_path/Frameworks",
					"@loader_path/Frameworks",
				);
				PRODUCT_BUNDLE_IDENTIFIER = de.vnzn.ThemeYourDayTests;
				PRODUCT_NAME = "$(TARGET_NAME)";
				SWIFT_VERSION = 5.0;
				TARGETED_DEVICE_FAMILY = "1,2";
				TEST_HOST = "$(BUILT_PRODUCTS_DIR)/ThemeYourDay.app/ThemeYourDay";
			};
			name = Release;
		};
		D6DDD29D261A19C900FD1AA5 /* Debug */ = {
			isa = XCBuildConfiguration;
			buildSettings = {
				ALWAYS_EMBED_SWIFT_STANDARD_LIBRARIES = YES;
				CODE_SIGN_STYLE = Automatic;
				DEVELOPMENT_TEAM = ELG2TXRCNZ;
				INFOPLIST_FILE = ThemeYourDayUITests/Info.plist;
				LD_RUNPATH_SEARCH_PATHS = (
					"$(inherited)",
					"@executable_path/Frameworks",
					"@loader_path/Frameworks",
				);
				PRODUCT_BUNDLE_IDENTIFIER = de.vnzn.ThemeYourDayUITests;
				PRODUCT_NAME = "$(TARGET_NAME)";
				SWIFT_VERSION = 5.0;
				TARGETED_DEVICE_FAMILY = "1,2";
				TEST_TARGET_NAME = ThemeYourDay;
			};
			name = Debug;
		};
		D6DDD29E261A19C900FD1AA5 /* Release */ = {
			isa = XCBuildConfiguration;
			buildSettings = {
				ALWAYS_EMBED_SWIFT_STANDARD_LIBRARIES = YES;
				CODE_SIGN_STYLE = Automatic;
				DEVELOPMENT_TEAM = ELG2TXRCNZ;
				INFOPLIST_FILE = ThemeYourDayUITests/Info.plist;
				LD_RUNPATH_SEARCH_PATHS = (
					"$(inherited)",
					"@executable_path/Frameworks",
					"@loader_path/Frameworks",
				);
				PRODUCT_BUNDLE_IDENTIFIER = de.vnzn.ThemeYourDayUITests;
				PRODUCT_NAME = "$(TARGET_NAME)";
				SWIFT_VERSION = 5.0;
				TARGETED_DEVICE_FAMILY = "1,2";
				TEST_TARGET_NAME = ThemeYourDay;
			};
			name = Release;
		};
/* End XCBuildConfiguration section */

/* Begin XCConfigurationList section */
		D6D58B5227B671A800473B81 /* Build configuration list for PBXNativeTarget "DayWidgetExtension" */ = {
			isa = XCConfigurationList;
			buildConfigurations = (
				D6D58B5027B671A800473B81 /* Debug */,
				D6D58B5127B671A800473B81 /* Release */,
			);
			defaultConfigurationIsVisible = 0;
			defaultConfigurationName = Release;
		};
		D6DDD26C261A19C800FD1AA5 /* Build configuration list for PBXProject "ThemeYourDay" */ = {
			isa = XCConfigurationList;
			buildConfigurations = (
				D6DDD294261A19C900FD1AA5 /* Debug */,
				D6DDD295261A19C900FD1AA5 /* Release */,
			);
			defaultConfigurationIsVisible = 0;
			defaultConfigurationName = Release;
		};
		D6DDD296261A19C900FD1AA5 /* Build configuration list for PBXNativeTarget "ThemeYourDay" */ = {
			isa = XCConfigurationList;
			buildConfigurations = (
				D6DDD297261A19C900FD1AA5 /* Debug */,
				D6DDD298261A19C900FD1AA5 /* Release */,
			);
			defaultConfigurationIsVisible = 0;
			defaultConfigurationName = Release;
		};
		D6DDD299261A19C900FD1AA5 /* Build configuration list for PBXNativeTarget "ThemeYourDayTests" */ = {
			isa = XCConfigurationList;
			buildConfigurations = (
				D6DDD29A261A19C900FD1AA5 /* Debug */,
				D6DDD29B261A19C900FD1AA5 /* Release */,
			);
			defaultConfigurationIsVisible = 0;
			defaultConfigurationName = Release;
		};
		D6DDD29C261A19C900FD1AA5 /* Build configuration list for PBXNativeTarget "ThemeYourDayUITests" */ = {
			isa = XCConfigurationList;
			buildConfigurations = (
				D6DDD29D261A19C900FD1AA5 /* Debug */,
				D6DDD29E261A19C900FD1AA5 /* Release */,
			);
			defaultConfigurationIsVisible = 0;
			defaultConfigurationName = Release;
		};
/* End XCConfigurationList section */
	};
	rootObject = D6DDD269261A19C800FD1AA5 /* Project object */;
}
